
Microsoft Visual Studio Solution File, Format Version 12.00
# Visual Studio 15
VisualStudioVersion = 15.0.28307.421
MinimumVisualStudioVersion = 10.0.40219.1
Project("{FAE04EC0-301F-11D3-BF4B-00C04F79EFBC}") = "p01.01.Crossroads", "p01.01.Crossroads\p01.01.Crossroads.csproj", "{2716D033-71A5-4BCA-94EB-5E71D4FB586F}"
EndProject
Project("{FAE04EC0-301F-11D3-BF4B-00C04F79EFBC}") = "p01.02.Crossroads", "p01.02.Crossroads\p01.02.Crossroads.csproj", "{6B6A7306-4C21-4484-B153-89DDAF48A7F5}"
EndProject
Project("{FAE04EC0-301F-11D3-BF4B-00C04F79EFBC}") = "p03.01.TicketTrouble", "p03.01.TicketTrouble\p03.01.TicketTrouble.csproj", "{A6AEA9C9-36FC-4E50-98E2-3DB50465A38F}"
EndProject
Project("{FAE04EC0-301F-11D3-BF4B-00C04F79EFBC}") = "p04.01.MovieTime", "p04.01.MovieTime\p04.01.MovieTime.csproj", "{B2E46F3C-22E1-4AE9-81E6-90142E64F4CA}"
EndProject
Project("{FAE04EC0-301F-11D3-BF4B-00C04F79EFBC}") = "p04.02.MovieTime", "MovieTime\p04.02.MovieTime.csproj", "{95B8FC40-B20D-4E01-9DD6-B53BA640F7AB}"
EndProject
Global
	GlobalSection(SolutionConfigurationPlatforms) = preSolution
		Debug|Any CPU = Debug|Any CPU
		Release|Any CPU = Release|Any CPU
	EndGlobalSection
	GlobalSection(ProjectConfigurationPlatforms) = postSolution
		{2716D033-71A5-4BCA-94EB-5E71D4FB586F}.Debug|Any CPU.ActiveCfg = Debug|Any CPU
		{2716D033-71A5-4BCA-94EB-5E71D4FB586F}.Debug|Any CPU.Build.0 = Debug|Any CPU
		{2716D033-71A5-4BCA-94EB-5E71D4FB586F}.Release|Any CPU.ActiveCfg = Release|Any CPU
		{2716D033-71A5-4BCA-94EB-5E71D4FB586F}.Release|Any CPU.Build.0 = Release|Any CPU
		{6B6A7306-4C21-4484-B153-89DDAF48A7F5}.Debug|Any CPU.ActiveCfg = Debug|Any CPU
		{6B6A7306-4C21-4484-B153-89DDAF48A7F5}.Debug|Any CPU.Build.0 = Debug|Any CPU
		{6B6A7306-4C21-4484-B153-89DDAF48A7F5}.Release|Any CPU.ActiveCfg = Release|Any CPU
		{6B6A7306-4C21-4484-B153-89DDAF48A7F5}.Release|Any CPU.Build.0 = Release|Any CPU
		{A6AEA9C9-36FC-4E50-98E2-3DB50465A38F}.Debug|Any CPU.ActiveCfg = Debug|Any CPU
		{A6AEA9C9-36FC-4E50-98E2-3DB50465A38F}.Debug|Any CPU.Build.0 = Debug|Any CPU
		{A6AEA9C9-36FC-4E50-98E2-3DB50465A38F}.Release|Any CPU.ActiveCfg = Release|Any CPU
		{A6AEA9C9-36FC-4E50-98E2-3DB50465A38F}.Release|Any CPU.Build.0 = Release|Any CPU
		{B2E46F3C-22E1-4AE9-81E6-90142E64F4CA}.Debug|Any CPU.ActiveCfg = Debug|Any CPU
		{B2E46F3C-22E1-4AE9-81E6-90142E64F4CA}.Debug|Any CPU.Build.0 = Debug|Any CPU
		{B2E46F3C-22E1-4AE9-81E6-90142E64F4CA}.Release|Any CPU.ActiveCfg = Release|Any CPU
		{B2E46F3C-22E1-4AE9-81E6-90142E64F4CA}.Release|Any CPU.Build.0 = Release|Any CPU
		{95B8FC40-B20D-4E01-9DD6-B53BA640F7AB}.Debug|Any CPU.ActiveCfg = Debug|Any CPU
		{95B8FC40-B20D-4E01-9DD6-B53BA640F7AB}.Debug|Any CPU.Build.0 = Debug|Any CPU
		{95B8FC40-B20D-4E01-9DD6-B53BA640F7AB}.Release|Any CPU.ActiveCfg = Release|Any CPU
		{95B8FC40-B20D-4E01-9DD6-B53BA640F7AB}.Release|Any CPU.Build.0 = Release|Any CPU
	EndGlobalSection
	GlobalSection(SolutionProperties) = preSolution
		HideSolutionNode = FALSE
	EndGlobalSection
	GlobalSection(ExtensibilityGlobals) = postSolution
		SolutionGuid = {6F528CF5-A853-4949-86AB-912FE11B39FB}
	EndGlobalSection
EndGlobal
