
Microsoft Visual Studio Solution File, Format Version 12.00
# Visual Studio 15
VisualStudioVersion = 15.0.27428.1
MinimumVisualStudioVersion = 10.0.40219.1
Project("{9A19103F-16F7-4668-BE54-9A1E7A4F7556}") = "p01.01.PadawanEquipment", "p01.01.PadawanEquipment\p01.01.PadawanEquipment.csproj", "{6F985EFF-BFCD-4D8E-8E4E-189096AB3BEB}"
EndProject
Project("{9A19103F-16F7-4668-BE54-9A1E7A4F7556}") = "p02.01.KaminoFactory", "p02.01.KaminoFactory\p02.01.KaminoFactory.csproj", "{7D6673B2-1C98-45FF-833F-2574D0818ADE}"
EndProject
Project("{9A19103F-16F7-4668-BE54-9A1E7A4F7556}") = "p01.02.PadawanEquipment", "p01.02.PadawanEquipment\p01.02.PadawanEquipment.csproj", "{81B692EE-9F62-437C-B4DC-D7B46E320328}"
EndProject
Project("{9A19103F-16F7-4668-BE54-9A1E7A4F7556}") = "p03.01.StarEnigma", "p03.01.StarEnigma\p03.01.StarEnigma.csproj", "{F541483A-697C-48CE-8A6A-B82F7781D031}"
EndProject
Project("{9A19103F-16F7-4668-BE54-9A1E7A4F7556}") = "p03.02.StarEnigma", "p03.02.StarEnigma\p03.02.StarEnigma.csproj", "{356081D9-87C6-4355-B032-C6B40CAED56C}"
EndProject
Project("{9A19103F-16F7-4668-BE54-9A1E7A4F7556}") = "p04.01.ForceBook", "p04.01.ForceBook\p04.01.ForceBook.csproj", "{94979A44-6807-4A51-A537-A0E328E5F79A}"
EndProject
Project("{FAE04EC0-301F-11D3-BF4B-00C04F79EFBC}") = "p04.02.ForceBook", "p04.02.ForceBook\p04.02.ForceBook.csproj", "{D49AE7B8-AFBA-415F-9580-16635F775F81}"
EndProject
Global
	GlobalSection(SolutionConfigurationPlatforms) = preSolution
		Debug|Any CPU = Debug|Any CPU
		Release|Any CPU = Release|Any CPU
	EndGlobalSection
	GlobalSection(ProjectConfigurationPlatforms) = postSolution
		{6F985EFF-BFCD-4D8E-8E4E-189096AB3BEB}.Debug|Any CPU.ActiveCfg = Debug|Any CPU
		{6F985EFF-BFCD-4D8E-8E4E-189096AB3BEB}.Debug|Any CPU.Build.0 = Debug|Any CPU
		{6F985EFF-BFCD-4D8E-8E4E-189096AB3BEB}.Release|Any CPU.ActiveCfg = Release|Any CPU
		{6F985EFF-BFCD-4D8E-8E4E-189096AB3BEB}.Release|Any CPU.Build.0 = Release|Any CPU
		{7D6673B2-1C98-45FF-833F-2574D0818ADE}.Debug|Any CPU.ActiveCfg = Debug|Any CPU
		{7D6673B2-1C98-45FF-833F-2574D0818ADE}.Debug|Any CPU.Build.0 = Debug|Any CPU
		{7D6673B2-1C98-45FF-833F-2574D0818ADE}.Release|Any CPU.ActiveCfg = Release|Any CPU
		{7D6673B2-1C98-45FF-833F-2574D0818ADE}.Release|Any CPU.Build.0 = Release|Any CPU
		{81B692EE-9F62-437C-B4DC-D7B46E320328}.Debug|Any CPU.ActiveCfg = Debug|Any CPU
		{81B692EE-9F62-437C-B4DC-D7B46E320328}.Debug|Any CPU.Build.0 = Debug|Any CPU
		{81B692EE-9F62-437C-B4DC-D7B46E320328}.Release|Any CPU.ActiveCfg = Release|Any CPU
		{81B692EE-9F62-437C-B4DC-D7B46E320328}.Release|Any CPU.Build.0 = Release|Any CPU
		{F541483A-697C-48CE-8A6A-B82F7781D031}.Debug|Any CPU.ActiveCfg = Debug|Any CPU
		{F541483A-697C-48CE-8A6A-B82F7781D031}.Debug|Any CPU.Build.0 = Debug|Any CPU
		{F541483A-697C-48CE-8A6A-B82F7781D031}.Release|Any CPU.ActiveCfg = Release|Any CPU
		{F541483A-697C-48CE-8A6A-B82F7781D031}.Release|Any CPU.Build.0 = Release|Any CPU
		{356081D9-87C6-4355-B032-C6B40CAED56C}.Debug|Any CPU.ActiveCfg = Debug|Any CPU
		{356081D9-87C6-4355-B032-C6B40CAED56C}.Debug|Any CPU.Build.0 = Debug|Any CPU
		{356081D9-87C6-4355-B032-C6B40CAED56C}.Release|Any CPU.ActiveCfg = Release|Any CPU
		{356081D9-87C6-4355-B032-C6B40CAED56C}.Release|Any CPU.Build.0 = Release|Any CPU
		{94979A44-6807-4A51-A537-A0E328E5F79A}.Debug|Any CPU.ActiveCfg = Debug|Any CPU
		{94979A44-6807-4A51-A537-A0E328E5F79A}.Debug|Any CPU.Build.0 = Debug|Any CPU
		{94979A44-6807-4A51-A537-A0E328E5F79A}.Release|Any CPU.ActiveCfg = Release|Any CPU
		{94979A44-6807-4A51-A537-A0E328E5F79A}.Release|Any CPU.Build.0 = Release|Any CPU
		{D49AE7B8-AFBA-415F-9580-16635F775F81}.Debug|Any CPU.ActiveCfg = Debug|Any CPU
		{D49AE7B8-AFBA-415F-9580-16635F775F81}.Debug|Any CPU.Build.0 = Debug|Any CPU
		{D49AE7B8-AFBA-415F-9580-16635F775F81}.Release|Any CPU.ActiveCfg = Release|Any CPU
		{D49AE7B8-AFBA-415F-9580-16635F775F81}.Release|Any CPU.Build.0 = Release|Any CPU
	EndGlobalSection
	GlobalSection(SolutionProperties) = preSolution
		HideSolutionNode = FALSE
	EndGlobalSection
	GlobalSection(ExtensibilityGlobals) = postSolution
		SolutionGuid = {7FB49E1A-28A7-4167-B96F-633A6817D371}
	EndGlobalSection
EndGlobal
