
Microsoft Visual Studio Solution File, Format Version 12.00
# Visual Studio 15
VisualStudioVersion = 15.0.27428.1
MinimumVisualStudioVersion = 10.0.40219.1
Project("{9A19103F-16F7-4668-BE54-9A1E7A4F7556}") = "p01.01.MatchFullName", "p01.01.MatchFullName\p01.01.MatchFullName.csproj", "{DEF0955A-9B23-41BB-A1E8-D612CC25EAC1}"
EndProject
Project("{9A19103F-16F7-4668-BE54-9A1E7A4F7556}") = "p01.02.MatchFullName", "p01.02.MatchFullName\p01.02.MatchFullName.csproj", "{0EEB9315-258A-4120-BA0C-825C2318B9F2}"
EndProject
Project("{9A19103F-16F7-4668-BE54-9A1E7A4F7556}") = "p02.01.MatchPhoneNumber", "p02.01.MatchPhoneNumber\p02.01.MatchPhoneNumber.csproj", "{A4467982-7C01-4939-B573-F58647ED21A7}"
EndProject
Project("{9A19103F-16F7-4668-BE54-9A1E7A4F7556}") = "p02.02.MatchPhoneNumber", "p02.02.MatchPhoneNumber\p02.02.MatchPhoneNumber.csproj", "{1EEE37C2-BD0B-475E-8997-DDBF5670A4D0}"
EndProject
Project("{9A19103F-16F7-4668-BE54-9A1E7A4F7556}") = "p03.01.MatchHexadecimalNumbers", "p03.01.MatchHexadecimalNumbers\p03.01.MatchHexadecimalNumbers.csproj", "{998E24A1-97FE-4617-9D24-D684CE690EA7}"
EndProject
Project("{9A19103F-16F7-4668-BE54-9A1E7A4F7556}") = "p03.02.MatchHexadecimalNumbers", "p03.02.MatchHexadecimalNumbers\p03.02.MatchHexadecimalNumbers.csproj", "{3ABB76EC-840B-406D-9D3C-5C190C1889CB}"
EndProject
Project("{9A19103F-16F7-4668-BE54-9A1E7A4F7556}") = "p04.01.MatchDates", "p04.01.MatchDates\p04.01.MatchDates.csproj", "{2695471E-EDD1-489C-8513-AE9D7F7804C3}"
EndProject
Project("{9A19103F-16F7-4668-BE54-9A1E7A4F7556}") = "p05.01.MatchNumbers", "p05.01.MatchNumbers\p05.01.MatchNumbers.csproj", "{31AD4D8B-886D-43F9-8EA8-F9BE647DF3EC}"
EndProject
Project("{9A19103F-16F7-4668-BE54-9A1E7A4F7556}") = "p05.02.MatchNumbers", "p05.02.MatchNumbers\p05.02.MatchNumbers.csproj", "{DD0E809D-9C70-431C-99D8-CD8BFB26C320}"
EndProject
Project("{FAE04EC0-301F-11D3-BF4B-00C04F79EFBC}") = "P06.01.ReplaceATag", "P06.01.ReplaceATag\P06.01.ReplaceATag.csproj", "{251FF790-AE8D-49AC-B1CE-D713055A42A0}"
EndProject
Project("{FAE04EC0-301F-11D3-BF4B-00C04F79EFBC}") = "p06.02.ReplaceATag", "p06.02.ReplaceATag\p06.02.ReplaceATag.csproj", "{0083C974-DDC2-4A12-8744-8193647CBE44}"
EndProject
Global
	GlobalSection(SolutionConfigurationPlatforms) = preSolution
		Debug|Any CPU = Debug|Any CPU
		Release|Any CPU = Release|Any CPU
	EndGlobalSection
	GlobalSection(ProjectConfigurationPlatforms) = postSolution
		{DEF0955A-9B23-41BB-A1E8-D612CC25EAC1}.Debug|Any CPU.ActiveCfg = Debug|Any CPU
		{DEF0955A-9B23-41BB-A1E8-D612CC25EAC1}.Debug|Any CPU.Build.0 = Debug|Any CPU
		{DEF0955A-9B23-41BB-A1E8-D612CC25EAC1}.Release|Any CPU.ActiveCfg = Release|Any CPU
		{DEF0955A-9B23-41BB-A1E8-D612CC25EAC1}.Release|Any CPU.Build.0 = Release|Any CPU
		{0EEB9315-258A-4120-BA0C-825C2318B9F2}.Debug|Any CPU.ActiveCfg = Debug|Any CPU
		{0EEB9315-258A-4120-BA0C-825C2318B9F2}.Debug|Any CPU.Build.0 = Debug|Any CPU
		{0EEB9315-258A-4120-BA0C-825C2318B9F2}.Release|Any CPU.ActiveCfg = Release|Any CPU
		{0EEB9315-258A-4120-BA0C-825C2318B9F2}.Release|Any CPU.Build.0 = Release|Any CPU
		{A4467982-7C01-4939-B573-F58647ED21A7}.Debug|Any CPU.ActiveCfg = Debug|Any CPU
		{A4467982-7C01-4939-B573-F58647ED21A7}.Debug|Any CPU.Build.0 = Debug|Any CPU
		{A4467982-7C01-4939-B573-F58647ED21A7}.Release|Any CPU.ActiveCfg = Release|Any CPU
		{A4467982-7C01-4939-B573-F58647ED21A7}.Release|Any CPU.Build.0 = Release|Any CPU
		{1EEE37C2-BD0B-475E-8997-DDBF5670A4D0}.Debug|Any CPU.ActiveCfg = Debug|Any CPU
		{1EEE37C2-BD0B-475E-8997-DDBF5670A4D0}.Debug|Any CPU.Build.0 = Debug|Any CPU
		{1EEE37C2-BD0B-475E-8997-DDBF5670A4D0}.Release|Any CPU.ActiveCfg = Release|Any CPU
		{1EEE37C2-BD0B-475E-8997-DDBF5670A4D0}.Release|Any CPU.Build.0 = Release|Any CPU
		{998E24A1-97FE-4617-9D24-D684CE690EA7}.Debug|Any CPU.ActiveCfg = Debug|Any CPU
		{998E24A1-97FE-4617-9D24-D684CE690EA7}.Debug|Any CPU.Build.0 = Debug|Any CPU
		{998E24A1-97FE-4617-9D24-D684CE690EA7}.Release|Any CPU.ActiveCfg = Release|Any CPU
		{998E24A1-97FE-4617-9D24-D684CE690EA7}.Release|Any CPU.Build.0 = Release|Any CPU
		{3ABB76EC-840B-406D-9D3C-5C190C1889CB}.Debug|Any CPU.ActiveCfg = Debug|Any CPU
		{3ABB76EC-840B-406D-9D3C-5C190C1889CB}.Debug|Any CPU.Build.0 = Debug|Any CPU
		{3ABB76EC-840B-406D-9D3C-5C190C1889CB}.Release|Any CPU.ActiveCfg = Release|Any CPU
		{3ABB76EC-840B-406D-9D3C-5C190C1889CB}.Release|Any CPU.Build.0 = Release|Any CPU
		{2695471E-EDD1-489C-8513-AE9D7F7804C3}.Debug|Any CPU.ActiveCfg = Debug|Any CPU
		{2695471E-EDD1-489C-8513-AE9D7F7804C3}.Debug|Any CPU.Build.0 = Debug|Any CPU
		{2695471E-EDD1-489C-8513-AE9D7F7804C3}.Release|Any CPU.ActiveCfg = Release|Any CPU
		{2695471E-EDD1-489C-8513-AE9D7F7804C3}.Release|Any CPU.Build.0 = Release|Any CPU
		{31AD4D8B-886D-43F9-8EA8-F9BE647DF3EC}.Debug|Any CPU.ActiveCfg = Debug|Any CPU
		{31AD4D8B-886D-43F9-8EA8-F9BE647DF3EC}.Debug|Any CPU.Build.0 = Debug|Any CPU
		{31AD4D8B-886D-43F9-8EA8-F9BE647DF3EC}.Release|Any CPU.ActiveCfg = Release|Any CPU
		{31AD4D8B-886D-43F9-8EA8-F9BE647DF3EC}.Release|Any CPU.Build.0 = Release|Any CPU
		{DD0E809D-9C70-431C-99D8-CD8BFB26C320}.Debug|Any CPU.ActiveCfg = Debug|Any CPU
		{DD0E809D-9C70-431C-99D8-CD8BFB26C320}.Debug|Any CPU.Build.0 = Debug|Any CPU
		{DD0E809D-9C70-431C-99D8-CD8BFB26C320}.Release|Any CPU.ActiveCfg = Release|Any CPU
		{DD0E809D-9C70-431C-99D8-CD8BFB26C320}.Release|Any CPU.Build.0 = Release|Any CPU
		{251FF790-AE8D-49AC-B1CE-D713055A42A0}.Debug|Any CPU.ActiveCfg = Debug|Any CPU
		{251FF790-AE8D-49AC-B1CE-D713055A42A0}.Debug|Any CPU.Build.0 = Debug|Any CPU
		{251FF790-AE8D-49AC-B1CE-D713055A42A0}.Release|Any CPU.ActiveCfg = Release|Any CPU
		{251FF790-AE8D-49AC-B1CE-D713055A42A0}.Release|Any CPU.Build.0 = Release|Any CPU
		{0083C974-DDC2-4A12-8744-8193647CBE44}.Debug|Any CPU.ActiveCfg = Debug|Any CPU
		{0083C974-DDC2-4A12-8744-8193647CBE44}.Debug|Any CPU.Build.0 = Debug|Any CPU
		{0083C974-DDC2-4A12-8744-8193647CBE44}.Release|Any CPU.ActiveCfg = Release|Any CPU
		{0083C974-DDC2-4A12-8744-8193647CBE44}.Release|Any CPU.Build.0 = Release|Any CPU
	EndGlobalSection
	GlobalSection(SolutionProperties) = preSolution
		HideSolutionNode = FALSE
	EndGlobalSection
	GlobalSection(ExtensibilityGlobals) = postSolution
		SolutionGuid = {DECC79FE-CB29-4631-BA80-B3E9108BBC94}
	EndGlobalSection
EndGlobal
