
Microsoft Visual Studio Solution File, Format Version 12.00
# Visual Studio 15
VisualStudioVersion = 15.0.27428.1
MinimumVisualStudioVersion = 10.0.40219.1
Project("{FAE04EC0-301F-11D3-BF4B-00C04F79EFBC}") = "p01ChristmasPreparation", "p01ChristmasPreparation\p01ChristmasPreparation.csproj", "{D5345960-1CD5-4E78-B9F1-AFD37A5A9199}"
EndProject
Project("{FAE04EC0-301F-11D3-BF4B-00C04F79EFBC}") = "p02DeerOfSanta", "p02DeerOfSanta\p02DeerOfSanta.csproj", "{5434EA4C-8DF1-4D00-8E34-1925982F50FD}"
EndProject
Project("{FAE04EC0-301F-11D3-BF4B-00C04F79EFBC}") = "p03SantasHoliday", "p03SantasHoliday\p03SantasHoliday.csproj", "{727B1FF4-5429-49C9-96CE-FDDBF0ED043E}"
EndProject
Project("{FAE04EC0-301F-11D3-BF4B-00C04F79EFBC}") = "p04DwarfPresents", "p04DwarfPresents\p04DwarfPresents.csproj", "{2F3F25CF-DC60-40B0-8994-6A1D215327AF}"
EndProject
Project("{FAE04EC0-301F-11D3-BF4B-00C04F79EFBC}") = "p05ChristmasToy", "p05ChristmasToy\p05ChristmasToy.csproj", "{57D9599A-8691-41CE-B210-B9185E9772FF}"
EndProject
Project("{FAE04EC0-301F-11D3-BF4B-00C04F79EFBC}") = "p06BarcodeGenerator", "p06BarcodeGenerator\p06BarcodeGenerator.csproj", "{96A5B5ED-7CB2-4DB3-97CA-222CBFFB07B9}"
EndProject
Global
	GlobalSection(SolutionConfigurationPlatforms) = preSolution
		Debug|Any CPU = Debug|Any CPU
		Release|Any CPU = Release|Any CPU
	EndGlobalSection
	GlobalSection(ProjectConfigurationPlatforms) = postSolution
		{D5345960-1CD5-4E78-B9F1-AFD37A5A9199}.Debug|Any CPU.ActiveCfg = Debug|Any CPU
		{D5345960-1CD5-4E78-B9F1-AFD37A5A9199}.Debug|Any CPU.Build.0 = Debug|Any CPU
		{D5345960-1CD5-4E78-B9F1-AFD37A5A9199}.Release|Any CPU.ActiveCfg = Release|Any CPU
		{D5345960-1CD5-4E78-B9F1-AFD37A5A9199}.Release|Any CPU.Build.0 = Release|Any CPU
		{5434EA4C-8DF1-4D00-8E34-1925982F50FD}.Debug|Any CPU.ActiveCfg = Debug|Any CPU
		{5434EA4C-8DF1-4D00-8E34-1925982F50FD}.Debug|Any CPU.Build.0 = Debug|Any CPU
		{5434EA4C-8DF1-4D00-8E34-1925982F50FD}.Release|Any CPU.ActiveCfg = Release|Any CPU
		{5434EA4C-8DF1-4D00-8E34-1925982F50FD}.Release|Any CPU.Build.0 = Release|Any CPU
		{727B1FF4-5429-49C9-96CE-FDDBF0ED043E}.Debug|Any CPU.ActiveCfg = Debug|Any CPU
		{727B1FF4-5429-49C9-96CE-FDDBF0ED043E}.Debug|Any CPU.Build.0 = Debug|Any CPU
		{727B1FF4-5429-49C9-96CE-FDDBF0ED043E}.Release|Any CPU.ActiveCfg = Release|Any CPU
		{727B1FF4-5429-49C9-96CE-FDDBF0ED043E}.Release|Any CPU.Build.0 = Release|Any CPU
		{2F3F25CF-DC60-40B0-8994-6A1D215327AF}.Debug|Any CPU.ActiveCfg = Debug|Any CPU
		{2F3F25CF-DC60-40B0-8994-6A1D215327AF}.Debug|Any CPU.Build.0 = Debug|Any CPU
		{2F3F25CF-DC60-40B0-8994-6A1D215327AF}.Release|Any CPU.ActiveCfg = Release|Any CPU
		{2F3F25CF-DC60-40B0-8994-6A1D215327AF}.Release|Any CPU.Build.0 = Release|Any CPU
		{57D9599A-8691-41CE-B210-B9185E9772FF}.Debug|Any CPU.ActiveCfg = Debug|Any CPU
		{57D9599A-8691-41CE-B210-B9185E9772FF}.Debug|Any CPU.Build.0 = Debug|Any CPU
		{57D9599A-8691-41CE-B210-B9185E9772FF}.Release|Any CPU.ActiveCfg = Release|Any CPU
		{57D9599A-8691-41CE-B210-B9185E9772FF}.Release|Any CPU.Build.0 = Release|Any CPU
		{96A5B5ED-7CB2-4DB3-97CA-222CBFFB07B9}.Debug|Any CPU.ActiveCfg = Debug|Any CPU
		{96A5B5ED-7CB2-4DB3-97CA-222CBFFB07B9}.Debug|Any CPU.Build.0 = Debug|Any CPU
		{96A5B5ED-7CB2-4DB3-97CA-222CBFFB07B9}.Release|Any CPU.ActiveCfg = Release|Any CPU
		{96A5B5ED-7CB2-4DB3-97CA-222CBFFB07B9}.Release|Any CPU.Build.0 = Release|Any CPU
	EndGlobalSection
	GlobalSection(SolutionProperties) = preSolution
		HideSolutionNode = FALSE
	EndGlobalSection
	GlobalSection(ExtensibilityGlobals) = postSolution
		SolutionGuid = {DF99F0DD-6928-48EA-81B8-4EF86FDC7BB9}
	EndGlobalSection
EndGlobal
