
Microsoft Visual Studio Solution File, Format Version 12.00
# Visual Studio 15
VisualStudioVersion = 15.0.27428.1
MinimumVisualStudioVersion = 10.0.40219.1
Project("{FAE04EC0-301F-11D3-BF4B-00C04F79EFBC}") = "p01.01.PokeMon", "p01.01.PokeMon\p01.01.PokeMon.csproj", "{A77F14BE-79EB-4BC6-BF77-ACA1C954D6DE}"
EndProject
Project("{FAE04EC0-301F-11D3-BF4B-00C04F79EFBC}") = "p01.02.PokeMon", "p01.02.PokeMon\p01.02.PokeMon.csproj", "{416E1AE8-6E5A-4553-8A5C-8B2FF0E75D80}"
EndProject
Project("{FAE04EC0-301F-11D3-BF4B-00C04F79EFBC}") = "p02.01.PokemonDontGo", "p02.01.PokemonDontGo\p02.01.PokemonDontGo.csproj", "{59A983EC-7B6B-4F9B-A82F-779D8B3F98A9}"
EndProject
Project("{FAE04EC0-301F-11D3-BF4B-00C04F79EFBC}") = "p03.01.Regexmon", "p03.01.Regexmon\p03.01.Regexmon.csproj", "{5B63E14A-CA6F-431F-8DA8-FE3C26264223}"
EndProject
Project("{FAE04EC0-301F-11D3-BF4B-00C04F79EFBC}") = "p03.02.Regexmon", "p03.02.Regexmon\p03.02.Regexmon.csproj", "{97423D7E-D521-405F-BF94-FB14F4B3FABC}"
EndProject
Project("{FAE04EC0-301F-11D3-BF4B-00C04F79EFBC}") = "p03.03.Regexmon", "p03.03.Regexmon\p03.03.Regexmon.csproj", "{1B2952D7-E8B9-412A-B55F-02AD2F16C328}"
EndProject
Project("{FAE04EC0-301F-11D3-BF4B-00C04F79EFBC}") = "p03.04.Regexmon", "p03.04.Regexmon\p03.04.Regexmon.csproj", "{9C90DE17-F5E1-4221-A7B9-AB0843ED5A79}"
EndProject
Project("{FAE04EC0-301F-11D3-BF4B-00C04F79EFBC}") = "p04.01.PokemonEvolution", "p04.01.PokemonEvolution\p04.01.PokemonEvolution.csproj", "{6E261791-F345-45BC-8C8C-6ECB278317CD}"
EndProject
Project("{FAE04EC0-301F-11D3-BF4B-00C04F79EFBC}") = "p04.02.PokemonEvolution", "p04.02.PokemonEvolution\p04.02.PokemonEvolution.csproj", "{3DE89FA7-1E8B-40E1-A1AC-27D96D3284B0}"
EndProject
Project("{FAE04EC0-301F-11D3-BF4B-00C04F79EFBC}") = "p04.03.PokemonEvolution", "p04.03.PokemonEvolution\p04.03.PokemonEvolution.csproj", "{D1C38A69-D5EC-4D39-94E1-50D517C35A13}"
EndProject
Global
	GlobalSection(SolutionConfigurationPlatforms) = preSolution
		Debug|Any CPU = Debug|Any CPU
		Release|Any CPU = Release|Any CPU
	EndGlobalSection
	GlobalSection(ProjectConfigurationPlatforms) = postSolution
		{A77F14BE-79EB-4BC6-BF77-ACA1C954D6DE}.Debug|Any CPU.ActiveCfg = Debug|Any CPU
		{A77F14BE-79EB-4BC6-BF77-ACA1C954D6DE}.Debug|Any CPU.Build.0 = Debug|Any CPU
		{A77F14BE-79EB-4BC6-BF77-ACA1C954D6DE}.Release|Any CPU.ActiveCfg = Release|Any CPU
		{A77F14BE-79EB-4BC6-BF77-ACA1C954D6DE}.Release|Any CPU.Build.0 = Release|Any CPU
		{416E1AE8-6E5A-4553-8A5C-8B2FF0E75D80}.Debug|Any CPU.ActiveCfg = Debug|Any CPU
		{416E1AE8-6E5A-4553-8A5C-8B2FF0E75D80}.Debug|Any CPU.Build.0 = Debug|Any CPU
		{416E1AE8-6E5A-4553-8A5C-8B2FF0E75D80}.Release|Any CPU.ActiveCfg = Release|Any CPU
		{416E1AE8-6E5A-4553-8A5C-8B2FF0E75D80}.Release|Any CPU.Build.0 = Release|Any CPU
		{59A983EC-7B6B-4F9B-A82F-779D8B3F98A9}.Debug|Any CPU.ActiveCfg = Debug|Any CPU
		{59A983EC-7B6B-4F9B-A82F-779D8B3F98A9}.Debug|Any CPU.Build.0 = Debug|Any CPU
		{59A983EC-7B6B-4F9B-A82F-779D8B3F98A9}.Release|Any CPU.ActiveCfg = Release|Any CPU
		{59A983EC-7B6B-4F9B-A82F-779D8B3F98A9}.Release|Any CPU.Build.0 = Release|Any CPU
		{5B63E14A-CA6F-431F-8DA8-FE3C26264223}.Debug|Any CPU.ActiveCfg = Debug|Any CPU
		{5B63E14A-CA6F-431F-8DA8-FE3C26264223}.Debug|Any CPU.Build.0 = Debug|Any CPU
		{5B63E14A-CA6F-431F-8DA8-FE3C26264223}.Release|Any CPU.ActiveCfg = Release|Any CPU
		{5B63E14A-CA6F-431F-8DA8-FE3C26264223}.Release|Any CPU.Build.0 = Release|Any CPU
		{97423D7E-D521-405F-BF94-FB14F4B3FABC}.Debug|Any CPU.ActiveCfg = Debug|Any CPU
		{97423D7E-D521-405F-BF94-FB14F4B3FABC}.Debug|Any CPU.Build.0 = Debug|Any CPU
		{97423D7E-D521-405F-BF94-FB14F4B3FABC}.Release|Any CPU.ActiveCfg = Release|Any CPU
		{97423D7E-D521-405F-BF94-FB14F4B3FABC}.Release|Any CPU.Build.0 = Release|Any CPU
		{1B2952D7-E8B9-412A-B55F-02AD2F16C328}.Debug|Any CPU.ActiveCfg = Debug|Any CPU
		{1B2952D7-E8B9-412A-B55F-02AD2F16C328}.Debug|Any CPU.Build.0 = Debug|Any CPU
		{1B2952D7-E8B9-412A-B55F-02AD2F16C328}.Release|Any CPU.ActiveCfg = Release|Any CPU
		{1B2952D7-E8B9-412A-B55F-02AD2F16C328}.Release|Any CPU.Build.0 = Release|Any CPU
		{9C90DE17-F5E1-4221-A7B9-AB0843ED5A79}.Debug|Any CPU.ActiveCfg = Debug|Any CPU
		{9C90DE17-F5E1-4221-A7B9-AB0843ED5A79}.Debug|Any CPU.Build.0 = Debug|Any CPU
		{9C90DE17-F5E1-4221-A7B9-AB0843ED5A79}.Release|Any CPU.ActiveCfg = Release|Any CPU
		{9C90DE17-F5E1-4221-A7B9-AB0843ED5A79}.Release|Any CPU.Build.0 = Release|Any CPU
		{6E261791-F345-45BC-8C8C-6ECB278317CD}.Debug|Any CPU.ActiveCfg = Debug|Any CPU
		{6E261791-F345-45BC-8C8C-6ECB278317CD}.Debug|Any CPU.Build.0 = Debug|Any CPU
		{6E261791-F345-45BC-8C8C-6ECB278317CD}.Release|Any CPU.ActiveCfg = Release|Any CPU
		{6E261791-F345-45BC-8C8C-6ECB278317CD}.Release|Any CPU.Build.0 = Release|Any CPU
		{3DE89FA7-1E8B-40E1-A1AC-27D96D3284B0}.Debug|Any CPU.ActiveCfg = Debug|Any CPU
		{3DE89FA7-1E8B-40E1-A1AC-27D96D3284B0}.Debug|Any CPU.Build.0 = Debug|Any CPU
		{3DE89FA7-1E8B-40E1-A1AC-27D96D3284B0}.Release|Any CPU.ActiveCfg = Release|Any CPU
		{3DE89FA7-1E8B-40E1-A1AC-27D96D3284B0}.Release|Any CPU.Build.0 = Release|Any CPU
		{D1C38A69-D5EC-4D39-94E1-50D517C35A13}.Debug|Any CPU.ActiveCfg = Debug|Any CPU
		{D1C38A69-D5EC-4D39-94E1-50D517C35A13}.Debug|Any CPU.Build.0 = Debug|Any CPU
		{D1C38A69-D5EC-4D39-94E1-50D517C35A13}.Release|Any CPU.ActiveCfg = Release|Any CPU
		{D1C38A69-D5EC-4D39-94E1-50D517C35A13}.Release|Any CPU.Build.0 = Release|Any CPU
	EndGlobalSection
	GlobalSection(SolutionProperties) = preSolution
		HideSolutionNode = FALSE
	EndGlobalSection
	GlobalSection(ExtensibilityGlobals) = postSolution
		SolutionGuid = {AC773355-4340-485D-9790-7C0BEBBE098D}
	EndGlobalSection
EndGlobal
