
Microsoft Visual Studio Solution File, Format Version 12.00
# Visual Studio 15
VisualStudioVersion = 15.0.28307.421
MinimumVisualStudioVersion = 10.0.40219.1
Project("{FAE04EC0-301F-11D3-BF4B-00C04F79EFBC}") = "p01.01.Logger", "p01.01.Logger\p01.01.Logger.csproj", "{74990AFE-1F71-4977-90B1-DF3F19B16894}"
EndProject
Global
	GlobalSection(SolutionConfigurationPlatforms) = preSolution
		Debug|Any CPU = Debug|Any CPU
		Release|Any CPU = Release|Any CPU
	EndGlobalSection
	GlobalSection(ProjectConfigurationPlatforms) = postSolution
		{74990AFE-1F71-4977-90B1-DF3F19B16894}.Debug|Any CPU.ActiveCfg = Debug|Any CPU
		{74990AFE-1F71-4977-90B1-DF3F19B16894}.Debug|Any CPU.Build.0 = Debug|Any CPU
		{74990AFE-1F71-4977-90B1-DF3F19B16894}.Release|Any CPU.ActiveCfg = Release|Any CPU
		{74990AFE-1F71-4977-90B1-DF3F19B16894}.Release|Any CPU.Build.0 = Release|Any CPU
	EndGlobalSection
	GlobalSection(SolutionProperties) = preSolution
		HideSolutionNode = FALSE
	EndGlobalSection
	GlobalSection(ExtensibilityGlobals) = postSolution
		SolutionGuid = {AB2ADEA5-FB42-45B8-A985-FBF73FCB9DF4}
	EndGlobalSection
EndGlobal
