
Microsoft Visual Studio Solution File, Format Version 12.00
# Visual Studio 15
VisualStudioVersion = 15.0.28307.421
MinimumVisualStudioVersion = 10.0.40219.1
Project("{FAE04EC0-301F-11D3-BF4B-00C04F79EFBC}") = "p01.01.Persons", "p01.01.Persons\p01.01.Persons.csproj", "{65C99A62-D796-48A8-9F00-D5FAF811C65E}"
EndProject
Project("{FAE04EC0-301F-11D3-BF4B-00C04F79EFBC}") = "PersonsInfo", "PersonsInfo\PersonsInfo.csproj", "{DFB319A9-42F5-4092-8BE1-6917A7E55C49}"
EndProject
Project("{FAE04EC0-301F-11D3-BF4B-00C04F79EFBC}") = "p02.01.SalaryIncrease", "p02.01.SalaryIncrease\p02.01.SalaryIncrease.csproj", "{77F2EB62-A031-43FA-8A37-5DE152BEC692}"
EndProject
Project("{FAE04EC0-301F-11D3-BF4B-00C04F79EFBC}") = "p03.01.ValidationOfData", "p03.01.ValidationOfData\p03.01.ValidationOfData.csproj", "{E2AD9D8A-DEB4-42F2-94C3-AF80A2BE9581}"
EndProject
Project("{FAE04EC0-301F-11D3-BF4B-00C04F79EFBC}") = "p04.01.FirstAndReserveTeam", "p04.01.FirstAndReserveTeam\p04.01.FirstAndReserveTeam.csproj", "{25B44246-5D3D-4744-937E-FB24FF1E7F31}"
EndProject
Global
	GlobalSection(SolutionConfigurationPlatforms) = preSolution
		Debug|Any CPU = Debug|Any CPU
		Release|Any CPU = Release|Any CPU
	EndGlobalSection
	GlobalSection(ProjectConfigurationPlatforms) = postSolution
		{65C99A62-D796-48A8-9F00-D5FAF811C65E}.Debug|Any CPU.ActiveCfg = Debug|Any CPU
		{65C99A62-D796-48A8-9F00-D5FAF811C65E}.Debug|Any CPU.Build.0 = Debug|Any CPU
		{65C99A62-D796-48A8-9F00-D5FAF811C65E}.Release|Any CPU.ActiveCfg = Release|Any CPU
		{65C99A62-D796-48A8-9F00-D5FAF811C65E}.Release|Any CPU.Build.0 = Release|Any CPU
		{DFB319A9-42F5-4092-8BE1-6917A7E55C49}.Debug|Any CPU.ActiveCfg = Debug|Any CPU
		{DFB319A9-42F5-4092-8BE1-6917A7E55C49}.Debug|Any CPU.Build.0 = Debug|Any CPU
		{DFB319A9-42F5-4092-8BE1-6917A7E55C49}.Release|Any CPU.ActiveCfg = Release|Any CPU
		{DFB319A9-42F5-4092-8BE1-6917A7E55C49}.Release|Any CPU.Build.0 = Release|Any CPU
		{77F2EB62-A031-43FA-8A37-5DE152BEC692}.Debug|Any CPU.ActiveCfg = Debug|Any CPU
		{77F2EB62-A031-43FA-8A37-5DE152BEC692}.Debug|Any CPU.Build.0 = Debug|Any CPU
		{77F2EB62-A031-43FA-8A37-5DE152BEC692}.Release|Any CPU.ActiveCfg = Release|Any CPU
		{77F2EB62-A031-43FA-8A37-5DE152BEC692}.Release|Any CPU.Build.0 = Release|Any CPU
		{E2AD9D8A-DEB4-42F2-94C3-AF80A2BE9581}.Debug|Any CPU.ActiveCfg = Debug|Any CPU
		{E2AD9D8A-DEB4-42F2-94C3-AF80A2BE9581}.Debug|Any CPU.Build.0 = Debug|Any CPU
		{E2AD9D8A-DEB4-42F2-94C3-AF80A2BE9581}.Release|Any CPU.ActiveCfg = Release|Any CPU
		{E2AD9D8A-DEB4-42F2-94C3-AF80A2BE9581}.Release|Any CPU.Build.0 = Release|Any CPU
		{25B44246-5D3D-4744-937E-FB24FF1E7F31}.Debug|Any CPU.ActiveCfg = Debug|Any CPU
		{25B44246-5D3D-4744-937E-FB24FF1E7F31}.Debug|Any CPU.Build.0 = Debug|Any CPU
		{25B44246-5D3D-4744-937E-FB24FF1E7F31}.Release|Any CPU.ActiveCfg = Release|Any CPU
		{25B44246-5D3D-4744-937E-FB24FF1E7F31}.Release|Any CPU.Build.0 = Release|Any CPU
	EndGlobalSection
	GlobalSection(SolutionProperties) = preSolution
		HideSolutionNode = FALSE
	EndGlobalSection
	GlobalSection(ExtensibilityGlobals) = postSolution
		SolutionGuid = {0E54EA7C-633E-49F8-A723-F12A9F7E981A}
	EndGlobalSection
EndGlobal
