
Microsoft Visual Studio Solution File, Format Version 12.00
# Visual Studio 15
VisualStudioVersion = 15.0.27428.1
MinimumVisualStudioVersion = 10.0.40219.1
Project("{8BC9CEB8-8B4A-11D0-8D11-00A0C91BC942}") = "p01.NumbersFrom1ToNThrough3", "p01.NumbersFrom1ToNThrough3\p01.NumbersFrom1ToNThrough3.vcxproj", "{DD980D51-4958-4BF5-AA12-8AACDD1057AA}"
EndProject
Project("{8BC9CEB8-8B4A-11D0-8D11-00A0C91BC942}") = "p02.NumbersFromNTo1InReversedRow", "p02.NumbersFromNTo1InReversedRow\p02.NumbersFromNTo1InReversedRow.vcxproj", "{CF755DD7-27D5-4229-A1B2-96D62F84F4FA}"
EndProject
Project("{8BC9CEB8-8B4A-11D0-8D11-00A0C91BC942}") = "p03.NumbersFrom2Pow0To2powN", "p03.NumbersFrom2Pow0To2powN\p03.NumbersFrom2Pow0To2powN.vcxproj", "{42602314-49BE-45EC-B3C1-B5DB402641A6}"
EndProject
Project("{8BC9CEB8-8B4A-11D0-8D11-00A0C91BC942}") = "p04.OffsetsOf2", "p04.OffsetsOf2\p04.OffsetsOf2.vcxproj", "{613A4A16-EF88-4ACA-A26F-7EEB9EE1A051}"
EndProject
Project("{8BC9CEB8-8B4A-11D0-8D11-00A0C91BC942}") = "p05.ANumberOfNumbers2kPlus1", "p05.ANumberOfNumbers2kPlus1\p05.ANumberOfNumbers2kPlus1.vcxproj", "{2D4E0744-2B5D-4027-B209-3B107AD2FF7A}"
EndProject
Project("{8BC9CEB8-8B4A-11D0-8D11-00A0C91BC942}") = "p06.NumbersInRange1To100", "p06.NumbersInRange1To100\p06.NumbersInRange1To100.vcxproj", "{D6C4C06A-DB6A-44AE-98C1-C35C83E962E6}"
EndProject
Project("{8BC9CEB8-8B4A-11D0-8D11-00A0C91BC942}") = "p07.LargestCommonDivisor(NOD)", "p07.LargestCommonDivisor(NOD)\p07.LargestCommonDivisor(NOD).vcxproj", "{9EC22CC5-DF91-4098-B78B-01B9856FA704}"
EndProject
Project("{8BC9CEB8-8B4A-11D0-8D11-00A0C91BC942}") = "p08.Factorial", "p08.Factorial\p08.Factorial.vcxproj", "{8750ADFB-7226-4BDC-8D2C-A79A5BC214D8}"
EndProject
Project("{8BC9CEB8-8B4A-11D0-8D11-00A0C91BC942}") = "p09.SummingTheNumbersOfANumber", "p09.SummingTheNumbersOfANumber\p09.SummingTheNumbersOfANumber.vcxproj", "{CFC8D6B4-70C0-4DC5-BBD0-6CB7B25B5451}"
EndProject
Project("{8BC9CEB8-8B4A-11D0-8D11-00A0C91BC942}") = "p10.CheckForASimpleNumber", "p10.CheckForASimpleNumber\p10.CheckForASimpleNumber.vcxproj", "{6FD4A178-CBA7-4A64-8B8F-DB50C787BCBC}"
EndProject
Project("{8BC9CEB8-8B4A-11D0-8D11-00A0C91BC942}") = "p11.EvenNumber", "p11.EvenNumber\p11.EvenNumber.vcxproj", "{4568BBE7-EE77-4852-8DE0-E9C1F36B07D5}"
EndProject
Project("{8BC9CEB8-8B4A-11D0-8D11-00A0C91BC942}") = "p12.NumbersOfFibonacci", "p12.NumbersOfFibonacci\p12.NumbersOfFibonacci.vcxproj", "{03BF78DC-E9AF-4CB2-BC1C-B9E210F7AC8F}"
EndProject
Project("{8BC9CEB8-8B4A-11D0-8D11-00A0C91BC942}") = "p13.NumberPyramid", "p13.NumberPyramid\p13.NumberPyramid.vcxproj", "{5A255409-102E-43AE-B85D-CF9F43D72F51}"
EndProject
Project("{8BC9CEB8-8B4A-11D0-8D11-00A0C91BC942}") = "p14.TableWithNumbers", "p14.TableWithNumbers\p14.TableWithNumbers.vcxproj", "{C4DCE687-E74A-4F6D-AF88-A2B667C8DCB0}"
EndProject
Project("{8BC9CEB8-8B4A-11D0-8D11-00A0C91BC942}") = "p15.SongOfTheBikes", "p15.SongOfTheBikes\p15.SongOfTheBikes.vcxproj", "{63B2FD51-DF31-4AE3-9F04-F61C05C5BAB2}"
EndProject
Project("{8BC9CEB8-8B4A-11D0-8D11-00A0C91BC942}") = "p16.BanknoteAndCoins", "p16.BanknoteAndCoins\p16.BanknoteAndCoins.vcxproj", "{05ED8F76-19C8-445E-B989-6BF7A952CDAE}"
EndProject
Project("{8BC9CEB8-8B4A-11D0-8D11-00A0C91BC942}") = "p17.TheNameOfTheGroup", "p17.TheNameOfTheGroup\p17.TheNameOfTheGroup.vcxproj", "{40AF0DF8-583B-4B35-B075-84A438B2BE07}"
EndProject
Project("{8BC9CEB8-8B4A-11D0-8D11-00A0C91BC942}") = "p18.CollecOrWork", "p18.CollecOrWork\p18.CollecOrWork.vcxproj", "{62714AF4-2892-40BC-9F00-8E3C14819FE1}"
EndProject
Project("{8BC9CEB8-8B4A-11D0-8D11-00A0C91BC942}") = "p19.NumbersGenerator", "p19.NumbersGenerator\p19.NumbersGenerator.vcxproj", "{4C00EB07-B025-45A3-B03E-F0EE4043E53C}"
EndProject
Global
	GlobalSection(SolutionConfigurationPlatforms) = preSolution
		Debug|x64 = Debug|x64
		Debug|x86 = Debug|x86
		Release|x64 = Release|x64
		Release|x86 = Release|x86
	EndGlobalSection
	GlobalSection(ProjectConfigurationPlatforms) = postSolution
		{DD980D51-4958-4BF5-AA12-8AACDD1057AA}.Debug|x64.ActiveCfg = Debug|x64
		{DD980D51-4958-4BF5-AA12-8AACDD1057AA}.Debug|x64.Build.0 = Debug|x64
		{DD980D51-4958-4BF5-AA12-8AACDD1057AA}.Debug|x86.ActiveCfg = Debug|Win32
		{DD980D51-4958-4BF5-AA12-8AACDD1057AA}.Debug|x86.Build.0 = Debug|Win32
		{DD980D51-4958-4BF5-AA12-8AACDD1057AA}.Release|x64.ActiveCfg = Release|x64
		{DD980D51-4958-4BF5-AA12-8AACDD1057AA}.Release|x64.Build.0 = Release|x64
		{DD980D51-4958-4BF5-AA12-8AACDD1057AA}.Release|x86.ActiveCfg = Release|Win32
		{DD980D51-4958-4BF5-AA12-8AACDD1057AA}.Release|x86.Build.0 = Release|Win32
		{CF755DD7-27D5-4229-A1B2-96D62F84F4FA}.Debug|x64.ActiveCfg = Debug|x64
		{CF755DD7-27D5-4229-A1B2-96D62F84F4FA}.Debug|x64.Build.0 = Debug|x64
		{CF755DD7-27D5-4229-A1B2-96D62F84F4FA}.Debug|x86.ActiveCfg = Debug|Win32
		{CF755DD7-27D5-4229-A1B2-96D62F84F4FA}.Debug|x86.Build.0 = Debug|Win32
		{CF755DD7-27D5-4229-A1B2-96D62F84F4FA}.Release|x64.ActiveCfg = Release|x64
		{CF755DD7-27D5-4229-A1B2-96D62F84F4FA}.Release|x64.Build.0 = Release|x64
		{CF755DD7-27D5-4229-A1B2-96D62F84F4FA}.Release|x86.ActiveCfg = Release|Win32
		{CF755DD7-27D5-4229-A1B2-96D62F84F4FA}.Release|x86.Build.0 = Release|Win32
		{42602314-49BE-45EC-B3C1-B5DB402641A6}.Debug|x64.ActiveCfg = Debug|x64
		{42602314-49BE-45EC-B3C1-B5DB402641A6}.Debug|x64.Build.0 = Debug|x64
		{42602314-49BE-45EC-B3C1-B5DB402641A6}.Debug|x86.ActiveCfg = Debug|Win32
		{42602314-49BE-45EC-B3C1-B5DB402641A6}.Debug|x86.Build.0 = Debug|Win32
		{42602314-49BE-45EC-B3C1-B5DB402641A6}.Release|x64.ActiveCfg = Release|x64
		{42602314-49BE-45EC-B3C1-B5DB402641A6}.Release|x64.Build.0 = Release|x64
		{42602314-49BE-45EC-B3C1-B5DB402641A6}.Release|x86.ActiveCfg = Release|Win32
		{42602314-49BE-45EC-B3C1-B5DB402641A6}.Release|x86.Build.0 = Release|Win32
		{613A4A16-EF88-4ACA-A26F-7EEB9EE1A051}.Debug|x64.ActiveCfg = Debug|x64
		{613A4A16-EF88-4ACA-A26F-7EEB9EE1A051}.Debug|x64.Build.0 = Debug|x64
		{613A4A16-EF88-4ACA-A26F-7EEB9EE1A051}.Debug|x86.ActiveCfg = Debug|Win32
		{613A4A16-EF88-4ACA-A26F-7EEB9EE1A051}.Debug|x86.Build.0 = Debug|Win32
		{613A4A16-EF88-4ACA-A26F-7EEB9EE1A051}.Release|x64.ActiveCfg = Release|x64
		{613A4A16-EF88-4ACA-A26F-7EEB9EE1A051}.Release|x64.Build.0 = Release|x64
		{613A4A16-EF88-4ACA-A26F-7EEB9EE1A051}.Release|x86.ActiveCfg = Release|Win32
		{613A4A16-EF88-4ACA-A26F-7EEB9EE1A051}.Release|x86.Build.0 = Release|Win32
		{2D4E0744-2B5D-4027-B209-3B107AD2FF7A}.Debug|x64.ActiveCfg = Debug|x64
		{2D4E0744-2B5D-4027-B209-3B107AD2FF7A}.Debug|x64.Build.0 = Debug|x64
		{2D4E0744-2B5D-4027-B209-3B107AD2FF7A}.Debug|x86.ActiveCfg = Debug|Win32
		{2D4E0744-2B5D-4027-B209-3B107AD2FF7A}.Debug|x86.Build.0 = Debug|Win32
		{2D4E0744-2B5D-4027-B209-3B107AD2FF7A}.Release|x64.ActiveCfg = Release|x64
		{2D4E0744-2B5D-4027-B209-3B107AD2FF7A}.Release|x64.Build.0 = Release|x64
		{2D4E0744-2B5D-4027-B209-3B107AD2FF7A}.Release|x86.ActiveCfg = Release|Win32
		{2D4E0744-2B5D-4027-B209-3B107AD2FF7A}.Release|x86.Build.0 = Release|Win32
		{D6C4C06A-DB6A-44AE-98C1-C35C83E962E6}.Debug|x64.ActiveCfg = Debug|x64
		{D6C4C06A-DB6A-44AE-98C1-C35C83E962E6}.Debug|x64.Build.0 = Debug|x64
		{D6C4C06A-DB6A-44AE-98C1-C35C83E962E6}.Debug|x86.ActiveCfg = Debug|Win32
		{D6C4C06A-DB6A-44AE-98C1-C35C83E962E6}.Debug|x86.Build.0 = Debug|Win32
		{D6C4C06A-DB6A-44AE-98C1-C35C83E962E6}.Release|x64.ActiveCfg = Release|x64
		{D6C4C06A-DB6A-44AE-98C1-C35C83E962E6}.Release|x64.Build.0 = Release|x64
		{D6C4C06A-DB6A-44AE-98C1-C35C83E962E6}.Release|x86.ActiveCfg = Release|Win32
		{D6C4C06A-DB6A-44AE-98C1-C35C83E962E6}.Release|x86.Build.0 = Release|Win32
		{9EC22CC5-DF91-4098-B78B-01B9856FA704}.Debug|x64.ActiveCfg = Debug|x64
		{9EC22CC5-DF91-4098-B78B-01B9856FA704}.Debug|x64.Build.0 = Debug|x64
		{9EC22CC5-DF91-4098-B78B-01B9856FA704}.Debug|x86.ActiveCfg = Debug|Win32
		{9EC22CC5-DF91-4098-B78B-01B9856FA704}.Debug|x86.Build.0 = Debug|Win32
		{9EC22CC5-DF91-4098-B78B-01B9856FA704}.Release|x64.ActiveCfg = Release|x64
		{9EC22CC5-DF91-4098-B78B-01B9856FA704}.Release|x64.Build.0 = Release|x64
		{9EC22CC5-DF91-4098-B78B-01B9856FA704}.Release|x86.ActiveCfg = Release|Win32
		{9EC22CC5-DF91-4098-B78B-01B9856FA704}.Release|x86.Build.0 = Release|Win32
		{8750ADFB-7226-4BDC-8D2C-A79A5BC214D8}.Debug|x64.ActiveCfg = Debug|x64
		{8750ADFB-7226-4BDC-8D2C-A79A5BC214D8}.Debug|x64.Build.0 = Debug|x64
		{8750ADFB-7226-4BDC-8D2C-A79A5BC214D8}.Debug|x86.ActiveCfg = Debug|Win32
		{8750ADFB-7226-4BDC-8D2C-A79A5BC214D8}.Debug|x86.Build.0 = Debug|Win32
		{8750ADFB-7226-4BDC-8D2C-A79A5BC214D8}.Release|x64.ActiveCfg = Release|x64
		{8750ADFB-7226-4BDC-8D2C-A79A5BC214D8}.Release|x64.Build.0 = Release|x64
		{8750ADFB-7226-4BDC-8D2C-A79A5BC214D8}.Release|x86.ActiveCfg = Release|Win32
		{8750ADFB-7226-4BDC-8D2C-A79A5BC214D8}.Release|x86.Build.0 = Release|Win32
		{CFC8D6B4-70C0-4DC5-BBD0-6CB7B25B5451}.Debug|x64.ActiveCfg = Debug|x64
		{CFC8D6B4-70C0-4DC5-BBD0-6CB7B25B5451}.Debug|x64.Build.0 = Debug|x64
		{CFC8D6B4-70C0-4DC5-BBD0-6CB7B25B5451}.Debug|x86.ActiveCfg = Debug|Win32
		{CFC8D6B4-70C0-4DC5-BBD0-6CB7B25B5451}.Debug|x86.Build.0 = Debug|Win32
		{CFC8D6B4-70C0-4DC5-BBD0-6CB7B25B5451}.Release|x64.ActiveCfg = Release|x64
		{CFC8D6B4-70C0-4DC5-BBD0-6CB7B25B5451}.Release|x64.Build.0 = Release|x64
		{CFC8D6B4-70C0-4DC5-BBD0-6CB7B25B5451}.Release|x86.ActiveCfg = Release|Win32
		{CFC8D6B4-70C0-4DC5-BBD0-6CB7B25B5451}.Release|x86.Build.0 = Release|Win32
		{6FD4A178-CBA7-4A64-8B8F-DB50C787BCBC}.Debug|x64.ActiveCfg = Debug|x64
		{6FD4A178-CBA7-4A64-8B8F-DB50C787BCBC}.Debug|x64.Build.0 = Debug|x64
		{6FD4A178-CBA7-4A64-8B8F-DB50C787BCBC}.Debug|x86.ActiveCfg = Debug|Win32
		{6FD4A178-CBA7-4A64-8B8F-DB50C787BCBC}.Debug|x86.Build.0 = Debug|Win32
		{6FD4A178-CBA7-4A64-8B8F-DB50C787BCBC}.Release|x64.ActiveCfg = Release|x64
		{6FD4A178-CBA7-4A64-8B8F-DB50C787BCBC}.Release|x64.Build.0 = Release|x64
		{6FD4A178-CBA7-4A64-8B8F-DB50C787BCBC}.Release|x86.ActiveCfg = Release|Win32
		{6FD4A178-CBA7-4A64-8B8F-DB50C787BCBC}.Release|x86.Build.0 = Release|Win32
		{4568BBE7-EE77-4852-8DE0-E9C1F36B07D5}.Debug|x64.ActiveCfg = Debug|x64
		{4568BBE7-EE77-4852-8DE0-E9C1F36B07D5}.Debug|x64.Build.0 = Debug|x64
		{4568BBE7-EE77-4852-8DE0-E9C1F36B07D5}.Debug|x86.ActiveCfg = Debug|Win32
		{4568BBE7-EE77-4852-8DE0-E9C1F36B07D5}.Debug|x86.Build.0 = Debug|Win32
		{4568BBE7-EE77-4852-8DE0-E9C1F36B07D5}.Release|x64.ActiveCfg = Release|x64
		{4568BBE7-EE77-4852-8DE0-E9C1F36B07D5}.Release|x64.Build.0 = Release|x64
		{4568BBE7-EE77-4852-8DE0-E9C1F36B07D5}.Release|x86.ActiveCfg = Release|Win32
		{4568BBE7-EE77-4852-8DE0-E9C1F36B07D5}.Release|x86.Build.0 = Release|Win32
		{03BF78DC-E9AF-4CB2-BC1C-B9E210F7AC8F}.Debug|x64.ActiveCfg = Debug|x64
		{03BF78DC-E9AF-4CB2-BC1C-B9E210F7AC8F}.Debug|x64.Build.0 = Debug|x64
		{03BF78DC-E9AF-4CB2-BC1C-B9E210F7AC8F}.Debug|x86.ActiveCfg = Debug|Win32
		{03BF78DC-E9AF-4CB2-BC1C-B9E210F7AC8F}.Debug|x86.Build.0 = Debug|Win32
		{03BF78DC-E9AF-4CB2-BC1C-B9E210F7AC8F}.Release|x64.ActiveCfg = Release|x64
		{03BF78DC-E9AF-4CB2-BC1C-B9E210F7AC8F}.Release|x64.Build.0 = Release|x64
		{03BF78DC-E9AF-4CB2-BC1C-B9E210F7AC8F}.Release|x86.ActiveCfg = Release|Win32
		{03BF78DC-E9AF-4CB2-BC1C-B9E210F7AC8F}.Release|x86.Build.0 = Release|Win32
		{5A255409-102E-43AE-B85D-CF9F43D72F51}.Debug|x64.ActiveCfg = Debug|x64
		{5A255409-102E-43AE-B85D-CF9F43D72F51}.Debug|x64.Build.0 = Debug|x64
		{5A255409-102E-43AE-B85D-CF9F43D72F51}.Debug|x86.ActiveCfg = Debug|Win32
		{5A255409-102E-43AE-B85D-CF9F43D72F51}.Debug|x86.Build.0 = Debug|Win32
		{5A255409-102E-43AE-B85D-CF9F43D72F51}.Release|x64.ActiveCfg = Release|x64
		{5A255409-102E-43AE-B85D-CF9F43D72F51}.Release|x64.Build.0 = Release|x64
		{5A255409-102E-43AE-B85D-CF9F43D72F51}.Release|x86.ActiveCfg = Release|Win32
		{5A255409-102E-43AE-B85D-CF9F43D72F51}.Release|x86.Build.0 = Release|Win32
		{C4DCE687-E74A-4F6D-AF88-A2B667C8DCB0}.Debug|x64.ActiveCfg = Debug|x64
		{C4DCE687-E74A-4F6D-AF88-A2B667C8DCB0}.Debug|x64.Build.0 = Debug|x64
		{C4DCE687-E74A-4F6D-AF88-A2B667C8DCB0}.Debug|x86.ActiveCfg = Debug|Win32
		{C4DCE687-E74A-4F6D-AF88-A2B667C8DCB0}.Debug|x86.Build.0 = Debug|Win32
		{C4DCE687-E74A-4F6D-AF88-A2B667C8DCB0}.Release|x64.ActiveCfg = Release|x64
		{C4DCE687-E74A-4F6D-AF88-A2B667C8DCB0}.Release|x64.Build.0 = Release|x64
		{C4DCE687-E74A-4F6D-AF88-A2B667C8DCB0}.Release|x86.ActiveCfg = Release|Win32
		{C4DCE687-E74A-4F6D-AF88-A2B667C8DCB0}.Release|x86.Build.0 = Release|Win32
		{63B2FD51-DF31-4AE3-9F04-F61C05C5BAB2}.Debug|x64.ActiveCfg = Debug|x64
		{63B2FD51-DF31-4AE3-9F04-F61C05C5BAB2}.Debug|x64.Build.0 = Debug|x64
		{63B2FD51-DF31-4AE3-9F04-F61C05C5BAB2}.Debug|x86.ActiveCfg = Debug|Win32
		{63B2FD51-DF31-4AE3-9F04-F61C05C5BAB2}.Debug|x86.Build.0 = Debug|Win32
		{63B2FD51-DF31-4AE3-9F04-F61C05C5BAB2}.Release|x64.ActiveCfg = Release|x64
		{63B2FD51-DF31-4AE3-9F04-F61C05C5BAB2}.Release|x64.Build.0 = Release|x64
		{63B2FD51-DF31-4AE3-9F04-F61C05C5BAB2}.Release|x86.ActiveCfg = Release|Win32
		{63B2FD51-DF31-4AE3-9F04-F61C05C5BAB2}.Release|x86.Build.0 = Release|Win32
		{05ED8F76-19C8-445E-B989-6BF7A952CDAE}.Debug|x64.ActiveCfg = Debug|x64
		{05ED8F76-19C8-445E-B989-6BF7A952CDAE}.Debug|x64.Build.0 = Debug|x64
		{05ED8F76-19C8-445E-B989-6BF7A952CDAE}.Debug|x86.ActiveCfg = Debug|Win32
		{05ED8F76-19C8-445E-B989-6BF7A952CDAE}.Debug|x86.Build.0 = Debug|Win32
		{05ED8F76-19C8-445E-B989-6BF7A952CDAE}.Release|x64.ActiveCfg = Release|x64
		{05ED8F76-19C8-445E-B989-6BF7A952CDAE}.Release|x64.Build.0 = Release|x64
		{05ED8F76-19C8-445E-B989-6BF7A952CDAE}.Release|x86.ActiveCfg = Release|Win32
		{05ED8F76-19C8-445E-B989-6BF7A952CDAE}.Release|x86.Build.0 = Release|Win32
		{40AF0DF8-583B-4B35-B075-84A438B2BE07}.Debug|x64.ActiveCfg = Debug|x64
		{40AF0DF8-583B-4B35-B075-84A438B2BE07}.Debug|x64.Build.0 = Debug|x64
		{40AF0DF8-583B-4B35-B075-84A438B2BE07}.Debug|x86.ActiveCfg = Debug|Win32
		{40AF0DF8-583B-4B35-B075-84A438B2BE07}.Debug|x86.Build.0 = Debug|Win32
		{40AF0DF8-583B-4B35-B075-84A438B2BE07}.Release|x64.ActiveCfg = Release|x64
		{40AF0DF8-583B-4B35-B075-84A438B2BE07}.Release|x64.Build.0 = Release|x64
		{40AF0DF8-583B-4B35-B075-84A438B2BE07}.Release|x86.ActiveCfg = Release|Win32
		{40AF0DF8-583B-4B35-B075-84A438B2BE07}.Release|x86.Build.0 = Release|Win32
		{62714AF4-2892-40BC-9F00-8E3C14819FE1}.Debug|x64.ActiveCfg = Debug|x64
		{62714AF4-2892-40BC-9F00-8E3C14819FE1}.Debug|x64.Build.0 = Debug|x64
		{62714AF4-2892-40BC-9F00-8E3C14819FE1}.Debug|x86.ActiveCfg = Debug|Win32
		{62714AF4-2892-40BC-9F00-8E3C14819FE1}.Debug|x86.Build.0 = Debug|Win32
		{62714AF4-2892-40BC-9F00-8E3C14819FE1}.Release|x64.ActiveCfg = Release|x64
		{62714AF4-2892-40BC-9F00-8E3C14819FE1}.Release|x64.Build.0 = Release|x64
		{62714AF4-2892-40BC-9F00-8E3C14819FE1}.Release|x86.ActiveCfg = Release|Win32
		{62714AF4-2892-40BC-9F00-8E3C14819FE1}.Release|x86.Build.0 = Release|Win32
		{4C00EB07-B025-45A3-B03E-F0EE4043E53C}.Debug|x64.ActiveCfg = Debug|x64
		{4C00EB07-B025-45A3-B03E-F0EE4043E53C}.Debug|x64.Build.0 = Debug|x64
		{4C00EB07-B025-45A3-B03E-F0EE4043E53C}.Debug|x86.ActiveCfg = Debug|Win32
		{4C00EB07-B025-45A3-B03E-F0EE4043E53C}.Debug|x86.Build.0 = Debug|Win32
		{4C00EB07-B025-45A3-B03E-F0EE4043E53C}.Release|x64.ActiveCfg = Release|x64
		{4C00EB07-B025-45A3-B03E-F0EE4043E53C}.Release|x64.Build.0 = Release|x64
		{4C00EB07-B025-45A3-B03E-F0EE4043E53C}.Release|x86.ActiveCfg = Release|Win32
		{4C00EB07-B025-45A3-B03E-F0EE4043E53C}.Release|x86.Build.0 = Release|Win32
	EndGlobalSection
	GlobalSection(SolutionProperties) = preSolution
		HideSolutionNode = FALSE
	EndGlobalSection
	GlobalSection(ExtensibilityGlobals) = postSolution
		SolutionGuid = {F057C622-BFB7-4BA5-8BFA-0184D4FE8E3E}
	EndGlobalSection
EndGlobal
