
Microsoft Visual Studio Solution File, Format Version 12.00
# Visual Studio 15
VisualStudioVersion = 15.0.27428.1
MinimumVisualStudioVersion = 10.0.40219.1
Project("{9A19103F-16F7-4668-BE54-9A1E7A4F7556}") = "p01X", "p01X\p01X.csproj", "{972BBB58-0FE4-43E4-B8C0-C2A73CDA6E71}"
EndProject
Project("{9A19103F-16F7-4668-BE54-9A1E7A4F7556}") = "p02VaporStore", "p02VaporStore\p02VaporStore.csproj", "{5F5E1951-FDD3-4D29-A612-BFD1D1472B31}"
EndProject
Project("{9A19103F-16F7-4668-BE54-9A1E7A4F7556}") = "p03Megapixels", "p03Megapixels\p03Megapixels.csproj", "{90C166DF-B360-4927-BDBF-4B52C1DB333B}"
EndProject
Project("{9A19103F-16F7-4668-BE54-9A1E7A4F7556}") = "p04PhotoGallery", "p04PhotoGallery\p04PhotoGallery.csproj", "{AF5ED89D-45A5-4CF2-B029-25926B674B3A}"
EndProject
Project("{9A19103F-16F7-4668-BE54-9A1E7A4F7556}") = "p05BPMCounter", "p05BPMCounter\p05BPMCounter.csproj", "{5B44D8DA-AE9B-474C-9D4C-08F97B50AB21}"
EndProject
Project("{9A19103F-16F7-4668-BE54-9A1E7A4F7556}") = "p06DNASequences", "p06DNASequences\p06DNASequences.csproj", "{91CBA5A3-8985-479C-BB57-E963A2DE1F4B}"
EndProject
Project("{FAE04EC0-301F-11D3-BF4B-00C04F79EFBC}") = "p07TrainingHallEquipment", "p07TrainingHallEquipment\p07TrainingHallEquipment.csproj", "{5C2BE673-1864-4A64-B091-D19F1E427904}"
EndProject
Project("{FAE04EC0-301F-11D3-BF4B-00C04F79EFBC}") = "p08SMSTyping", "08SMSTyping\p08SMSTyping.csproj", "{F6C2C5F8-64B7-41EE-BA8D-E3324C127647}"
EndProject
Project("{FAE04EC0-301F-11D3-BF4B-00C04F79EFBC}") = "p08SMSTyping2", "p08SMSTyping2\p08SMSTyping2.csproj", "{500FCBDC-B997-45FF-9064-BD81E88E3730}"
EndProject
Global
	GlobalSection(SolutionConfigurationPlatforms) = preSolution
		Debug|Any CPU = Debug|Any CPU
		Release|Any CPU = Release|Any CPU
	EndGlobalSection
	GlobalSection(ProjectConfigurationPlatforms) = postSolution
		{972BBB58-0FE4-43E4-B8C0-C2A73CDA6E71}.Debug|Any CPU.ActiveCfg = Debug|Any CPU
		{972BBB58-0FE4-43E4-B8C0-C2A73CDA6E71}.Debug|Any CPU.Build.0 = Debug|Any CPU
		{972BBB58-0FE4-43E4-B8C0-C2A73CDA6E71}.Release|Any CPU.ActiveCfg = Release|Any CPU
		{972BBB58-0FE4-43E4-B8C0-C2A73CDA6E71}.Release|Any CPU.Build.0 = Release|Any CPU
		{5F5E1951-FDD3-4D29-A612-BFD1D1472B31}.Debug|Any CPU.ActiveCfg = Debug|Any CPU
		{5F5E1951-FDD3-4D29-A612-BFD1D1472B31}.Debug|Any CPU.Build.0 = Debug|Any CPU
		{5F5E1951-FDD3-4D29-A612-BFD1D1472B31}.Release|Any CPU.ActiveCfg = Release|Any CPU
		{5F5E1951-FDD3-4D29-A612-BFD1D1472B31}.Release|Any CPU.Build.0 = Release|Any CPU
		{90C166DF-B360-4927-BDBF-4B52C1DB333B}.Debug|Any CPU.ActiveCfg = Debug|Any CPU
		{90C166DF-B360-4927-BDBF-4B52C1DB333B}.Debug|Any CPU.Build.0 = Debug|Any CPU
		{90C166DF-B360-4927-BDBF-4B52C1DB333B}.Release|Any CPU.ActiveCfg = Release|Any CPU
		{90C166DF-B360-4927-BDBF-4B52C1DB333B}.Release|Any CPU.Build.0 = Release|Any CPU
		{AF5ED89D-45A5-4CF2-B029-25926B674B3A}.Debug|Any CPU.ActiveCfg = Debug|Any CPU
		{AF5ED89D-45A5-4CF2-B029-25926B674B3A}.Debug|Any CPU.Build.0 = Debug|Any CPU
		{AF5ED89D-45A5-4CF2-B029-25926B674B3A}.Release|Any CPU.ActiveCfg = Release|Any CPU
		{AF5ED89D-45A5-4CF2-B029-25926B674B3A}.Release|Any CPU.Build.0 = Release|Any CPU
		{5B44D8DA-AE9B-474C-9D4C-08F97B50AB21}.Debug|Any CPU.ActiveCfg = Debug|Any CPU
		{5B44D8DA-AE9B-474C-9D4C-08F97B50AB21}.Debug|Any CPU.Build.0 = Debug|Any CPU
		{5B44D8DA-AE9B-474C-9D4C-08F97B50AB21}.Release|Any CPU.ActiveCfg = Release|Any CPU
		{5B44D8DA-AE9B-474C-9D4C-08F97B50AB21}.Release|Any CPU.Build.0 = Release|Any CPU
		{91CBA5A3-8985-479C-BB57-E963A2DE1F4B}.Debug|Any CPU.ActiveCfg = Debug|Any CPU
		{91CBA5A3-8985-479C-BB57-E963A2DE1F4B}.Debug|Any CPU.Build.0 = Debug|Any CPU
		{91CBA5A3-8985-479C-BB57-E963A2DE1F4B}.Release|Any CPU.ActiveCfg = Release|Any CPU
		{91CBA5A3-8985-479C-BB57-E963A2DE1F4B}.Release|Any CPU.Build.0 = Release|Any CPU
		{5C2BE673-1864-4A64-B091-D19F1E427904}.Debug|Any CPU.ActiveCfg = Debug|Any CPU
		{5C2BE673-1864-4A64-B091-D19F1E427904}.Debug|Any CPU.Build.0 = Debug|Any CPU
		{5C2BE673-1864-4A64-B091-D19F1E427904}.Release|Any CPU.ActiveCfg = Release|Any CPU
		{5C2BE673-1864-4A64-B091-D19F1E427904}.Release|Any CPU.Build.0 = Release|Any CPU
		{F6C2C5F8-64B7-41EE-BA8D-E3324C127647}.Debug|Any CPU.ActiveCfg = Debug|Any CPU
		{F6C2C5F8-64B7-41EE-BA8D-E3324C127647}.Debug|Any CPU.Build.0 = Debug|Any CPU
		{F6C2C5F8-64B7-41EE-BA8D-E3324C127647}.Release|Any CPU.ActiveCfg = Release|Any CPU
		{F6C2C5F8-64B7-41EE-BA8D-E3324C127647}.Release|Any CPU.Build.0 = Release|Any CPU
		{500FCBDC-B997-45FF-9064-BD81E88E3730}.Debug|Any CPU.ActiveCfg = Debug|Any CPU
		{500FCBDC-B997-45FF-9064-BD81E88E3730}.Debug|Any CPU.Build.0 = Debug|Any CPU
		{500FCBDC-B997-45FF-9064-BD81E88E3730}.Release|Any CPU.ActiveCfg = Release|Any CPU
		{500FCBDC-B997-45FF-9064-BD81E88E3730}.Release|Any CPU.Build.0 = Release|Any CPU
	EndGlobalSection
	GlobalSection(SolutionProperties) = preSolution
		HideSolutionNode = FALSE
	EndGlobalSection
	GlobalSection(ExtensibilityGlobals) = postSolution
		SolutionGuid = {48449876-4519-4E38-AF72-69E3FD761DF1}
	EndGlobalSection
EndGlobal
