
Microsoft Visual Studio Solution File, Format Version 12.00
# Visual Studio 15
VisualStudioVersion = 15.0.27428.1
MinimumVisualStudioVersion = 10.0.40219.1
Project("{9A19103F-16F7-4668-BE54-9A1E7A4F7556}") = "p01.01.OrderByAge", "p01.01.OrderByAge\p01.01.OrderByAge.csproj", "{0FD0750A-0377-47E1-B5C9-48E28D40C688}"
EndProject
Project("{9A19103F-16F7-4668-BE54-9A1E7A4F7556}") = "p01.02.OrderByAge", "p01.21.OrderByAge\p01.02.OrderByAge.csproj", "{FDD8418F-38A3-4937-B558-510E140733AF}"
EndProject
Project("{9A19103F-16F7-4668-BE54-9A1E7A4F7556}") = "p01.03.OrderByAge", "p01.03.OrderByAge\p01.03.OrderByAge.csproj", "{283384FD-B4E7-4F70-A4B3-E9201DC56E68}"
EndProject
Project("{9A19103F-16F7-4668-BE54-9A1E7A4F7556}") = "p02.01.VehicleCatalogue", "p02.01.VehicleCatalogue\p02.01.VehicleCatalogue.csproj", "{10AFCFD2-A715-489B-B1FB-BEF688D79398}"
EndProject
Project("{9A19103F-16F7-4668-BE54-9A1E7A4F7556}") = "p02.02.VehicleCatalogue", "p02.02.VehicleCatalogue\p02.02.VehicleCatalogue.csproj", "{77C86897-E6F8-48F5-95D1-A8F6C5797C25}"
EndProject
Project("{9A19103F-16F7-4668-BE54-9A1E7A4F7556}") = "p02.03.VehicleCatalogue", "p02.03.VehicleCatalogue\p02.03.VehicleCatalogue.csproj", "{36282F20-4213-4800-BB71-BE8721EC0BA6}"
EndProject
Project("{9A19103F-16F7-4668-BE54-9A1E7A4F7556}") = "p02.04.VehicleCatalogue", "p02.04.VehicleCatalogue\p02.04.VehicleCatalogue.csproj", "{D163B93D-EF29-4259-A83A-9FA0EEB2B75A}"
EndProject
Project("{9A19103F-16F7-4668-BE54-9A1E7A4F7556}") = "p03.01.Jarvis", "p03.01.Jarvis\p03.01.Jarvis.csproj", "{EE1C7EC3-93C6-47D4-B08E-83D9BD727033}"
EndProject
Project("{9A19103F-16F7-4668-BE54-9A1E7A4F7556}") = "p03.00.Jarvis", "p03.00.Jarvis\p03.00.Jarvis.csproj", "{1B477909-C6BC-47CB-BBED-45C68F4B226B}"
EndProject
Project("{9A19103F-16F7-4668-BE54-9A1E7A4F7556}") = "p03Jarvis", "p03Jarvis\p03Jarvis.csproj", "{B9C4E99B-A3B1-4D1D-9C63-2526D48050D7}"
EndProject
Project("{9A19103F-16F7-4668-BE54-9A1E7A4F7556}") = "p03.002.Jarvis", "p03.002.Jarvis\p03.002.Jarvis.csproj", "{A20B710F-B74F-4A8E-A53A-B1159693D723}"
EndProject
Project("{9A19103F-16F7-4668-BE54-9A1E7A4F7556}") = "p04.01.PunctuationFinder", "P04.01.PunctuationFinder\p04.01.PunctuationFinder.csproj", "{7E261412-11DF-4941-9EE4-6BC4CEFE9EA3}"
EndProject
Project("{FAE04EC0-301F-11D3-BF4B-00C04F79EFBC}") = "p05.01.WriteToFile", "p05.01.WriteToFile\p05.01.WriteToFile.csproj", "{05D5A135-1C56-4B45-8949-885A0FB78EB1}"
EndProject
Project("{FAE04EC0-301F-11D3-BF4B-00C04F79EFBC}") = "p04.02.PunctuationFinder", "p04.02.PunctuationFinder\p04.02.PunctuationFinder.csproj", "{6B472A1B-8348-47AF-8221-4E6B6EFBF7AC}"
EndProject
Project("{FAE04EC0-301F-11D3-BF4B-00C04F79EFBC}") = "p05.02.WriteToFile", "p05.02.WriteToFile\p05.02.WriteToFile.csproj", "{82D548BB-8D42-448C-8C16-36034541E552}"
EndProject
Project("{FAE04EC0-301F-11D3-BF4B-00C04F79EFBC}") = "p07.01.PlayCatch", "p07.01.PlayCatch\p07.01.PlayCatch.csproj", "{8588A771-57F1-4E75-8615-3FE8747E4021}"
EndProject
Project("{FAE04EC0-301F-11D3-BF4B-00C04F79EFBC}") = "p07.02.PlayCatch", "p07.02.PlayCatch\p07.02.PlayCatch.csproj", "{F5BA24F7-AC20-45BB-98E5-F9B0E12F1C7D}"
EndProject
Project("{FAE04EC0-301F-11D3-BF4B-00C04F79EFBC}") = "p08.01.PersonalException", "p08.01.PersonalException\p08.01.PersonalException.csproj", "{880D9A86-4A3B-4627-A151-F603014316DD}"
EndProject
Global
	GlobalSection(SolutionConfigurationPlatforms) = preSolution
		Debug|Any CPU = Debug|Any CPU
		Release|Any CPU = Release|Any CPU
	EndGlobalSection
	GlobalSection(ProjectConfigurationPlatforms) = postSolution
		{0FD0750A-0377-47E1-B5C9-48E28D40C688}.Debug|Any CPU.ActiveCfg = Debug|Any CPU
		{0FD0750A-0377-47E1-B5C9-48E28D40C688}.Debug|Any CPU.Build.0 = Debug|Any CPU
		{0FD0750A-0377-47E1-B5C9-48E28D40C688}.Release|Any CPU.ActiveCfg = Release|Any CPU
		{0FD0750A-0377-47E1-B5C9-48E28D40C688}.Release|Any CPU.Build.0 = Release|Any CPU
		{FDD8418F-38A3-4937-B558-510E140733AF}.Debug|Any CPU.ActiveCfg = Debug|Any CPU
		{FDD8418F-38A3-4937-B558-510E140733AF}.Debug|Any CPU.Build.0 = Debug|Any CPU
		{FDD8418F-38A3-4937-B558-510E140733AF}.Release|Any CPU.ActiveCfg = Release|Any CPU
		{FDD8418F-38A3-4937-B558-510E140733AF}.Release|Any CPU.Build.0 = Release|Any CPU
		{283384FD-B4E7-4F70-A4B3-E9201DC56E68}.Debug|Any CPU.ActiveCfg = Debug|Any CPU
		{283384FD-B4E7-4F70-A4B3-E9201DC56E68}.Debug|Any CPU.Build.0 = Debug|Any CPU
		{283384FD-B4E7-4F70-A4B3-E9201DC56E68}.Release|Any CPU.ActiveCfg = Release|Any CPU
		{283384FD-B4E7-4F70-A4B3-E9201DC56E68}.Release|Any CPU.Build.0 = Release|Any CPU
		{10AFCFD2-A715-489B-B1FB-BEF688D79398}.Debug|Any CPU.ActiveCfg = Debug|Any CPU
		{10AFCFD2-A715-489B-B1FB-BEF688D79398}.Debug|Any CPU.Build.0 = Debug|Any CPU
		{10AFCFD2-A715-489B-B1FB-BEF688D79398}.Release|Any CPU.ActiveCfg = Release|Any CPU
		{10AFCFD2-A715-489B-B1FB-BEF688D79398}.Release|Any CPU.Build.0 = Release|Any CPU
		{77C86897-E6F8-48F5-95D1-A8F6C5797C25}.Debug|Any CPU.ActiveCfg = Debug|Any CPU
		{77C86897-E6F8-48F5-95D1-A8F6C5797C25}.Debug|Any CPU.Build.0 = Debug|Any CPU
		{77C86897-E6F8-48F5-95D1-A8F6C5797C25}.Release|Any CPU.ActiveCfg = Release|Any CPU
		{77C86897-E6F8-48F5-95D1-A8F6C5797C25}.Release|Any CPU.Build.0 = Release|Any CPU
		{36282F20-4213-4800-BB71-BE8721EC0BA6}.Debug|Any CPU.ActiveCfg = Debug|Any CPU
		{36282F20-4213-4800-BB71-BE8721EC0BA6}.Debug|Any CPU.Build.0 = Debug|Any CPU
		{36282F20-4213-4800-BB71-BE8721EC0BA6}.Release|Any CPU.ActiveCfg = Release|Any CPU
		{36282F20-4213-4800-BB71-BE8721EC0BA6}.Release|Any CPU.Build.0 = Release|Any CPU
		{D163B93D-EF29-4259-A83A-9FA0EEB2B75A}.Debug|Any CPU.ActiveCfg = Debug|Any CPU
		{D163B93D-EF29-4259-A83A-9FA0EEB2B75A}.Debug|Any CPU.Build.0 = Debug|Any CPU
		{D163B93D-EF29-4259-A83A-9FA0EEB2B75A}.Release|Any CPU.ActiveCfg = Release|Any CPU
		{D163B93D-EF29-4259-A83A-9FA0EEB2B75A}.Release|Any CPU.Build.0 = Release|Any CPU
		{EE1C7EC3-93C6-47D4-B08E-83D9BD727033}.Debug|Any CPU.ActiveCfg = Debug|Any CPU
		{EE1C7EC3-93C6-47D4-B08E-83D9BD727033}.Debug|Any CPU.Build.0 = Debug|Any CPU
		{EE1C7EC3-93C6-47D4-B08E-83D9BD727033}.Release|Any CPU.ActiveCfg = Release|Any CPU
		{EE1C7EC3-93C6-47D4-B08E-83D9BD727033}.Release|Any CPU.Build.0 = Release|Any CPU
		{1B477909-C6BC-47CB-BBED-45C68F4B226B}.Debug|Any CPU.ActiveCfg = Debug|Any CPU
		{1B477909-C6BC-47CB-BBED-45C68F4B226B}.Debug|Any CPU.Build.0 = Debug|Any CPU
		{1B477909-C6BC-47CB-BBED-45C68F4B226B}.Release|Any CPU.ActiveCfg = Release|Any CPU
		{1B477909-C6BC-47CB-BBED-45C68F4B226B}.Release|Any CPU.Build.0 = Release|Any CPU
		{B9C4E99B-A3B1-4D1D-9C63-2526D48050D7}.Debug|Any CPU.ActiveCfg = Debug|Any CPU
		{B9C4E99B-A3B1-4D1D-9C63-2526D48050D7}.Debug|Any CPU.Build.0 = Debug|Any CPU
		{B9C4E99B-A3B1-4D1D-9C63-2526D48050D7}.Release|Any CPU.ActiveCfg = Release|Any CPU
		{B9C4E99B-A3B1-4D1D-9C63-2526D48050D7}.Release|Any CPU.Build.0 = Release|Any CPU
		{A20B710F-B74F-4A8E-A53A-B1159693D723}.Debug|Any CPU.ActiveCfg = Debug|Any CPU
		{A20B710F-B74F-4A8E-A53A-B1159693D723}.Debug|Any CPU.Build.0 = Debug|Any CPU
		{A20B710F-B74F-4A8E-A53A-B1159693D723}.Release|Any CPU.ActiveCfg = Release|Any CPU
		{A20B710F-B74F-4A8E-A53A-B1159693D723}.Release|Any CPU.Build.0 = Release|Any CPU
		{7E261412-11DF-4941-9EE4-6BC4CEFE9EA3}.Debug|Any CPU.ActiveCfg = Debug|Any CPU
		{7E261412-11DF-4941-9EE4-6BC4CEFE9EA3}.Debug|Any CPU.Build.0 = Debug|Any CPU
		{7E261412-11DF-4941-9EE4-6BC4CEFE9EA3}.Release|Any CPU.ActiveCfg = Release|Any CPU
		{7E261412-11DF-4941-9EE4-6BC4CEFE9EA3}.Release|Any CPU.Build.0 = Release|Any CPU
		{05D5A135-1C56-4B45-8949-885A0FB78EB1}.Debug|Any CPU.ActiveCfg = Debug|Any CPU
		{05D5A135-1C56-4B45-8949-885A0FB78EB1}.Debug|Any CPU.Build.0 = Debug|Any CPU
		{05D5A135-1C56-4B45-8949-885A0FB78EB1}.Release|Any CPU.ActiveCfg = Release|Any CPU
		{05D5A135-1C56-4B45-8949-885A0FB78EB1}.Release|Any CPU.Build.0 = Release|Any CPU
		{6B472A1B-8348-47AF-8221-4E6B6EFBF7AC}.Debug|Any CPU.ActiveCfg = Debug|Any CPU
		{6B472A1B-8348-47AF-8221-4E6B6EFBF7AC}.Debug|Any CPU.Build.0 = Debug|Any CPU
		{6B472A1B-8348-47AF-8221-4E6B6EFBF7AC}.Release|Any CPU.ActiveCfg = Release|Any CPU
		{6B472A1B-8348-47AF-8221-4E6B6EFBF7AC}.Release|Any CPU.Build.0 = Release|Any CPU
		{82D548BB-8D42-448C-8C16-36034541E552}.Debug|Any CPU.ActiveCfg = Debug|Any CPU
		{82D548BB-8D42-448C-8C16-36034541E552}.Debug|Any CPU.Build.0 = Debug|Any CPU
		{82D548BB-8D42-448C-8C16-36034541E552}.Release|Any CPU.ActiveCfg = Release|Any CPU
		{82D548BB-8D42-448C-8C16-36034541E552}.Release|Any CPU.Build.0 = Release|Any CPU
		{8588A771-57F1-4E75-8615-3FE8747E4021}.Debug|Any CPU.ActiveCfg = Debug|Any CPU
		{8588A771-57F1-4E75-8615-3FE8747E4021}.Debug|Any CPU.Build.0 = Debug|Any CPU
		{8588A771-57F1-4E75-8615-3FE8747E4021}.Release|Any CPU.ActiveCfg = Release|Any CPU
		{8588A771-57F1-4E75-8615-3FE8747E4021}.Release|Any CPU.Build.0 = Release|Any CPU
		{F5BA24F7-AC20-45BB-98E5-F9B0E12F1C7D}.Debug|Any CPU.ActiveCfg = Debug|Any CPU
		{F5BA24F7-AC20-45BB-98E5-F9B0E12F1C7D}.Debug|Any CPU.Build.0 = Debug|Any CPU
		{F5BA24F7-AC20-45BB-98E5-F9B0E12F1C7D}.Release|Any CPU.ActiveCfg = Release|Any CPU
		{F5BA24F7-AC20-45BB-98E5-F9B0E12F1C7D}.Release|Any CPU.Build.0 = Release|Any CPU
		{880D9A86-4A3B-4627-A151-F603014316DD}.Debug|Any CPU.ActiveCfg = Debug|Any CPU
		{880D9A86-4A3B-4627-A151-F603014316DD}.Debug|Any CPU.Build.0 = Debug|Any CPU
		{880D9A86-4A3B-4627-A151-F603014316DD}.Release|Any CPU.ActiveCfg = Release|Any CPU
		{880D9A86-4A3B-4627-A151-F603014316DD}.Release|Any CPU.Build.0 = Release|Any CPU
	EndGlobalSection
	GlobalSection(SolutionProperties) = preSolution
		HideSolutionNode = FALSE
	EndGlobalSection
	GlobalSection(ExtensibilityGlobals) = postSolution
		SolutionGuid = {8D8B5C15-7EDD-4002-97FE-007A5CBAED4B}
	EndGlobalSection
EndGlobal
