
Microsoft Visual Studio Solution File, Format Version 12.00
# Visual Studio 15
VisualStudioVersion = 15.0.27428.1
MinimumVisualStudioVersion = 10.0.40219.1
Project("{9A19103F-16F7-4668-BE54-9A1E7A4F7556}") = "p01.01.AnonymousDownsite", "p01.01.AnonymousDownsite\p01.01.AnonymousDownsite.csproj", "{E50DA925-DCFB-4D95-8E60-33E3FBE3F24B}"
EndProject
Project("{9A19103F-16F7-4668-BE54-9A1E7A4F7556}") = "p02.01.AnonymousThreat", "p02.01.AnonymousThreat\p02.01.AnonymousThreat.csproj", "{F209739A-8099-4DAD-905C-2BD510635F74}"
EndProject
Project("{9A19103F-16F7-4668-BE54-9A1E7A4F7556}") = "p03.01.AnonymousVox", "p03.01.AnonymousVox\p03.01.AnonymousVox.csproj", "{B76D92E4-7C99-482B-89EE-2437D41E695F}"
EndProject
Project("{FAE04EC0-301F-11D3-BF4B-00C04F79EFBC}") = "p04.01.AnonymousCache", "p04.01.AnonymousCache\p04.01.AnonymousCache.csproj", "{EC68F060-B9BA-4F44-AD5E-7432721CC7AE}"
EndProject
Project("{FAE04EC0-301F-11D3-BF4B-00C04F79EFBC}") = "p04.02.AnonymousCache", "p04.02.AnonymousCache\p04.02.AnonymousCache.csproj", "{6646FD93-CD3D-405B-A386-C4005D697739}"
EndProject
Global
	GlobalSection(SolutionConfigurationPlatforms) = preSolution
		Debug|Any CPU = Debug|Any CPU
		Release|Any CPU = Release|Any CPU
	EndGlobalSection
	GlobalSection(ProjectConfigurationPlatforms) = postSolution
		{E50DA925-DCFB-4D95-8E60-33E3FBE3F24B}.Debug|Any CPU.ActiveCfg = Debug|Any CPU
		{E50DA925-DCFB-4D95-8E60-33E3FBE3F24B}.Debug|Any CPU.Build.0 = Debug|Any CPU
		{E50DA925-DCFB-4D95-8E60-33E3FBE3F24B}.Release|Any CPU.ActiveCfg = Release|Any CPU
		{E50DA925-DCFB-4D95-8E60-33E3FBE3F24B}.Release|Any CPU.Build.0 = Release|Any CPU
		{F209739A-8099-4DAD-905C-2BD510635F74}.Debug|Any CPU.ActiveCfg = Debug|Any CPU
		{F209739A-8099-4DAD-905C-2BD510635F74}.Debug|Any CPU.Build.0 = Debug|Any CPU
		{F209739A-8099-4DAD-905C-2BD510635F74}.Release|Any CPU.ActiveCfg = Release|Any CPU
		{F209739A-8099-4DAD-905C-2BD510635F74}.Release|Any CPU.Build.0 = Release|Any CPU
		{B76D92E4-7C99-482B-89EE-2437D41E695F}.Debug|Any CPU.ActiveCfg = Debug|Any CPU
		{B76D92E4-7C99-482B-89EE-2437D41E695F}.Debug|Any CPU.Build.0 = Debug|Any CPU
		{B76D92E4-7C99-482B-89EE-2437D41E695F}.Release|Any CPU.ActiveCfg = Release|Any CPU
		{B76D92E4-7C99-482B-89EE-2437D41E695F}.Release|Any CPU.Build.0 = Release|Any CPU
		{EC68F060-B9BA-4F44-AD5E-7432721CC7AE}.Debug|Any CPU.ActiveCfg = Debug|Any CPU
		{EC68F060-B9BA-4F44-AD5E-7432721CC7AE}.Debug|Any CPU.Build.0 = Debug|Any CPU
		{EC68F060-B9BA-4F44-AD5E-7432721CC7AE}.Release|Any CPU.ActiveCfg = Release|Any CPU
		{EC68F060-B9BA-4F44-AD5E-7432721CC7AE}.Release|Any CPU.Build.0 = Release|Any CPU
		{6646FD93-CD3D-405B-A386-C4005D697739}.Debug|Any CPU.ActiveCfg = Debug|Any CPU
		{6646FD93-CD3D-405B-A386-C4005D697739}.Debug|Any CPU.Build.0 = Debug|Any CPU
		{6646FD93-CD3D-405B-A386-C4005D697739}.Release|Any CPU.ActiveCfg = Release|Any CPU
		{6646FD93-CD3D-405B-A386-C4005D697739}.Release|Any CPU.Build.0 = Release|Any CPU
	EndGlobalSection
	GlobalSection(SolutionProperties) = preSolution
		HideSolutionNode = FALSE
	EndGlobalSection
	GlobalSection(ExtensibilityGlobals) = postSolution
		SolutionGuid = {65554640-7863-4535-B605-96F5B153A6A1}
	EndGlobalSection
EndGlobal
